
Microsoft Visual Studio Solution File, Format Version 12.00
# Visual Studio Version 16
VisualStudioVersion = 16.0.30509.233
MinimumVisualStudioVersion = 15.0.26124.0
Project("{9A19103F-16F7-4668-BE54-9A1E7A4F7556}") = "blog-validate", "blog-validate\blog-validate.csproj", "{3A8D30CF-E75D-473A-B856-421528BBEFD6}"
EndProject
Project("{9A19103F-16F7-4668-BE54-9A1E7A4F7556}") = "csvtocsv", "csvtocsv\csvtocsv.csproj", "{27F574B9-E933-481F-A681-CA8A6AB5CD81}"
EndProject
Project("{9A19103F-16F7-4668-BE54-9A1E7A4F7556}") = "blog-shared", "blog-shared\blog-shared.csproj", "{8DADF3B8-2D60-4CAE-8E84-047FA67DDE95}"
EndProject
Project("{9A19103F-16F7-4668-BE54-9A1E7A4F7556}") = "blog-get-post", "blog-get-post\blog-get-post.csproj", "{4681248A-50B9-4616-947A-6AD8A3C1E295}"
EndProject
Project("{9A19103F-16F7-4668-BE54-9A1E7A4F7556}") = "md2html", "md2html\md2html.csproj", "{D6C09954-2D5B-4832-AB4A-53CA3966C6EA}"
EndProject
Project("{FAE04EC0-301F-11D3-BF4B-00C04F79EFBC}") = "blog-new-post", "blog-new-post\blog-new-post.csproj", "{F017CBAD-7A72-40F1-B543-F5A97723F147}"
EndProject
Global
	GlobalSection(SolutionConfigurationPlatforms) = preSolution
		Debug|Any CPU = Debug|Any CPU
		Debug|x64 = Debug|x64
		Debug|x86 = Debug|x86
		Release|Any CPU = Release|Any CPU
		Release|x64 = Release|x64
		Release|x86 = Release|x86
	EndGlobalSection
	GlobalSection(ProjectConfigurationPlatforms) = postSolution
		{3A8D30CF-E75D-473A-B856-421528BBEFD6}.Debug|Any CPU.ActiveCfg = Debug|Any CPU
		{3A8D30CF-E75D-473A-B856-421528BBEFD6}.Debug|Any CPU.Build.0 = Debug|Any CPU
		{3A8D30CF-E75D-473A-B856-421528BBEFD6}.Debug|x64.ActiveCfg = Debug|Any CPU
		{3A8D30CF-E75D-473A-B856-421528BBEFD6}.Debug|x64.Build.0 = Debug|Any CPU
		{3A8D30CF-E75D-473A-B856-421528BBEFD6}.Debug|x86.ActiveCfg = Debug|Any CPU
		{3A8D30CF-E75D-473A-B856-421528BBEFD6}.Debug|x86.Build.0 = Debug|Any CPU
		{3A8D30CF-E75D-473A-B856-421528BBEFD6}.Release|Any CPU.ActiveCfg = Release|Any CPU
		{3A8D30CF-E75D-473A-B856-421528BBEFD6}.Release|Any CPU.Build.0 = Release|Any CPU
		{3A8D30CF-E75D-473A-B856-421528BBEFD6}.Release|x64.ActiveCfg = Release|Any CPU
		{3A8D30CF-E75D-473A-B856-421528BBEFD6}.Release|x64.Build.0 = Release|Any CPU
		{3A8D30CF-E75D-473A-B856-421528BBEFD6}.Release|x86.ActiveCfg = Release|Any CPU
		{3A8D30CF-E75D-473A-B856-421528BBEFD6}.Release|x86.Build.0 = Release|Any CPU
		{27F574B9-E933-481F-A681-CA8A6AB5CD81}.Debug|Any CPU.ActiveCfg = Debug|Any CPU
		{27F574B9-E933-481F-A681-CA8A6AB5CD81}.Debug|Any CPU.Build.0 = Debug|Any CPU
		{27F574B9-E933-481F-A681-CA8A6AB5CD81}.Debug|x64.ActiveCfg = Debug|Any CPU
		{27F574B9-E933-481F-A681-CA8A6AB5CD81}.Debug|x64.Build.0 = Debug|Any CPU
		{27F574B9-E933-481F-A681-CA8A6AB5CD81}.Debug|x86.ActiveCfg = Debug|Any CPU
		{27F574B9-E933-481F-A681-CA8A6AB5CD81}.Debug|x86.Build.0 = Debug|Any CPU
		{27F574B9-E933-481F-A681-CA8A6AB5CD81}.Release|Any CPU.ActiveCfg = Release|Any CPU
		{27F574B9-E933-481F-A681-CA8A6AB5CD81}.Release|Any CPU.Build.0 = Release|Any CPU
		{27F574B9-E933-481F-A681-CA8A6AB5CD81}.Release|x64.ActiveCfg = Release|Any CPU
		{27F574B9-E933-481F-A681-CA8A6AB5CD81}.Release|x64.Build.0 = Release|Any CPU
		{27F574B9-E933-481F-A681-CA8A6AB5CD81}.Release|x86.ActiveCfg = Release|Any CPU
		{27F574B9-E933-481F-A681-CA8A6AB5CD81}.Release|x86.Build.0 = Release|Any CPU
		{8DADF3B8-2D60-4CAE-8E84-047FA67DDE95}.Debug|Any CPU.ActiveCfg = Debug|Any CPU
		{8DADF3B8-2D60-4CAE-8E84-047FA67DDE95}.Debug|Any CPU.Build.0 = Debug|Any CPU
		{8DADF3B8-2D60-4CAE-8E84-047FA67DDE95}.Debug|x64.ActiveCfg = Debug|Any CPU
		{8DADF3B8-2D60-4CAE-8E84-047FA67DDE95}.Debug|x64.Build.0 = Debug|Any CPU
		{8DADF3B8-2D60-4CAE-8E84-047FA67DDE95}.Debug|x86.ActiveCfg = Debug|Any CPU
		{8DADF3B8-2D60-4CAE-8E84-047FA67DDE95}.Debug|x86.Build.0 = Debug|Any CPU
		{8DADF3B8-2D60-4CAE-8E84-047FA67DDE95}.Release|Any CPU.ActiveCfg = Release|Any CPU
		{8DADF3B8-2D60-4CAE-8E84-047FA67DDE95}.Release|Any CPU.Build.0 = Release|Any CPU
		{8DADF3B8-2D60-4CAE-8E84-047FA67DDE95}.Release|x64.ActiveCfg = Release|Any CPU
		{8DADF3B8-2D60-4CAE-8E84-047FA67DDE95}.Release|x64.Build.0 = Release|Any CPU
		{8DADF3B8-2D60-4CAE-8E84-047FA67DDE95}.Release|x86.ActiveCfg = Release|Any CPU
		{8DADF3B8-2D60-4CAE-8E84-047FA67DDE95}.Release|x86.Build.0 = Release|Any CPU
		{4681248A-50B9-4616-947A-6AD8A3C1E295}.Debug|Any CPU.ActiveCfg = Debug|Any CPU
		{4681248A-50B9-4616-947A-6AD8A3C1E295}.Debug|Any CPU.Build.0 = Debug|Any CPU
		{4681248A-50B9-4616-947A-6AD8A3C1E295}.Debug|x64.ActiveCfg = Debug|Any CPU
		{4681248A-50B9-4616-947A-6AD8A3C1E295}.Debug|x64.Build.0 = Debug|Any CPU
		{4681248A-50B9-4616-947A-6AD8A3C1E295}.Debug|x86.ActiveCfg = Debug|Any CPU
		{4681248A-50B9-4616-947A-6AD8A3C1E295}.Debug|x86.Build.0 = Debug|Any CPU
		{4681248A-50B9-4616-947A-6AD8A3C1E295}.Release|Any CPU.ActiveCfg = Release|Any CPU
		{4681248A-50B9-4616-947A-6AD8A3C1E295}.Release|Any CPU.Build.0 = Release|Any CPU
		{4681248A-50B9-4616-947A-6AD8A3C1E295}.Release|x64.ActiveCfg = Release|Any CPU
		{4681248A-50B9-4616-947A-6AD8A3C1E295}.Release|x64.Build.0 = Release|Any CPU
		{4681248A-50B9-4616-947A-6AD8A3C1E295}.Release|x86.ActiveCfg = Release|Any CPU
		{4681248A-50B9-4616-947A-6AD8A3C1E295}.Release|x86.Build.0 = Release|Any CPU
		{D6C09954-2D5B-4832-AB4A-53CA3966C6EA}.Debug|Any CPU.ActiveCfg = Debug|Any CPU
		{D6C09954-2D5B-4832-AB4A-53CA3966C6EA}.Debug|Any CPU.Build.0 = Debug|Any CPU
		{D6C09954-2D5B-4832-AB4A-53CA3966C6EA}.Debug|x64.ActiveCfg = Debug|Any CPU
		{D6C09954-2D5B-4832-AB4A-53CA3966C6EA}.Debug|x64.Build.0 = Debug|Any CPU
		{D6C09954-2D5B-4832-AB4A-53CA3966C6EA}.Debug|x86.ActiveCfg = Debug|Any CPU
		{D6C09954-2D5B-4832-AB4A-53CA3966C6EA}.Debug|x86.Build.0 = Debug|Any CPU
		{D6C09954-2D5B-4832-AB4A-53CA3966C6EA}.Release|Any CPU.ActiveCfg = Release|Any CPU
		{D6C09954-2D5B-4832-AB4A-53CA3966C6EA}.Release|Any CPU.Build.0 = Release|Any CPU
		{D6C09954-2D5B-4832-AB4A-53CA3966C6EA}.Release|x64.ActiveCfg = Release|Any CPU
		{D6C09954-2D5B-4832-AB4A-53CA3966C6EA}.Release|x64.Build.0 = Release|Any CPU
		{D6C09954-2D5B-4832-AB4A-53CA3966C6EA}.Release|x86.ActiveCfg = Release|Any CPU
		{D6C09954-2D5B-4832-AB4A-53CA3966C6EA}.Release|x86.Build.0 = Release|Any CPU
		{F017CBAD-7A72-40F1-B543-F5A97723F147}.Debug|Any CPU.ActiveCfg = Debug|Any CPU
		{F017CBAD-7A72-40F1-B543-F5A97723F147}.Debug|Any CPU.Build.0 = Debug|Any CPU
		{F017CBAD-7A72-40F1-B543-F5A97723F147}.Debug|x64.ActiveCfg = Debug|Any CPU
		{F017CBAD-7A72-40F1-B543-F5A97723F147}.Debug|x64.Build.0 = Debug|Any CPU
		{F017CBAD-7A72-40F1-B543-F5A97723F147}.Debug|x86.ActiveCfg = Debug|Any CPU
		{F017CBAD-7A72-40F1-B543-F5A97723F147}.Debug|x86.Build.0 = Debug|Any CPU
		{F017CBAD-7A72-40F1-B543-F5A97723F147}.Release|Any CPU.ActiveCfg = Release|Any CPU
		{F017CBAD-7A72-40F1-B543-F5A97723F147}.Release|Any CPU.Build.0 = Release|Any CPU
		{F017CBAD-7A72-40F1-B543-F5A97723F147}.Release|x64.ActiveCfg = Release|Any CPU
		{F017CBAD-7A72-40F1-B543-F5A97723F147}.Release|x64.Build.0 = Release|Any CPU
		{F017CBAD-7A72-40F1-B543-F5A97723F147}.Release|x86.ActiveCfg = Release|Any CPU
		{F017CBAD-7A72-40F1-B543-F5A97723F147}.Release|x86.Build.0 = Release|Any CPU
	EndGlobalSection
	GlobalSection(SolutionProperties) = preSolution
		HideSolutionNode = FALSE
	EndGlobalSection
	GlobalSection(ExtensibilityGlobals) = postSolution
		SolutionGuid = {4BC00FC2-0EE6-450B-BD77-BC7FFBC054B2}
	EndGlobalSection
EndGlobal
